
Microsoft Visual Studio Solution File, Format Version 12.00
# Visual Studio Version 17
VisualStudioVersion = 17.9.34728.123
MinimumVisualStudioVersion = 10.0.40219.1
Project("{FAE04EC0-301F-11D3-BF4B-00C04F79EFBC}") = "BibliotecaJoia", "BibliotecaJoia\BibliotecaJoia.csproj", "{22C70815-336A-40D4-9D59-54671D52F18A}"
EndProject
Global
	GlobalSection(SolutionConfigurationPlatforms) = preSolution
		Debug|Any CPU = Debug|Any CPU
		Release|Any CPU = Release|Any CPU
	EndGlobalSection
	GlobalSection(ProjectConfigurationPlatforms) = postSolution
		{22C70815-336A-40D4-9D59-54671D52F18A}.Debug|Any CPU.ActiveCfg = Debug|Any CPU
		{22C70815-336A-40D4-9D59-54671D52F18A}.Debug|Any CPU.Build.0 = Debug|Any CPU
		{22C70815-336A-40D4-9D59-54671D52F18A}.Release|Any CPU.ActiveCfg = Release|Any CPU
		{22C70815-336A-40D4-9D59-54671D52F18A}.Release|Any CPU.Build.0 = Release|Any CPU
	EndGlobalSection
	GlobalSection(SolutionProperties) = preSolution
		HideSolutionNode = FALSE
	EndGlobalSection
	GlobalSection(ExtensibilityGlobals) = postSolution
		SolutionGuid = {2AEF477B-D9D4-499B-99F4-3B48F579FBE4}
	EndGlobalSection
EndGlobal
